
Microsoft Visual Studio Solution File, Format Version 12.00
# Visual Studio Version 17
VisualStudioVersion = 17.10.34928.147
MinimumVisualStudioVersion = 10.0.40219.1
Project("{FAE04EC0-301F-11D3-BF4B-00C04F79EFBC}") = "Poker", "Poker.csproj", "{91BD7FE3-DCDF-43A6-AB6C-D8CAC60506B3}"
EndProject
Global
	GlobalSection(SolutionConfigurationPlatforms) = preSolution
		Debug|Any CPU = Debug|Any CPU
		Release|Any CPU = Release|Any CPU
	EndGlobalSection
	GlobalSection(ProjectConfigurationPlatforms) = postSolution
		{91BD7FE3-DCDF-43A6-AB6C-D8CAC60506B3}.Debug|Any CPU.ActiveCfg = Debug|Any CPU
		{91BD7FE3-DCDF-43A6-AB6C-D8CAC60506B3}.Debug|Any CPU.Build.0 = Debug|Any CPU
		{91BD7FE3-DCDF-43A6-AB6C-D8CAC60506B3}.Release|Any CPU.ActiveCfg = Release|Any CPU
		{91BD7FE3-DCDF-43A6-AB6C-D8CAC60506B3}.Release|Any CPU.Build.0 = Release|Any CPU
	EndGlobalSection
	GlobalSection(SolutionProperties) = preSolution
		HideSolutionNode = FALSE
	EndGlobalSection
	GlobalSection(ExtensibilityGlobals) = postSolution
		SolutionGuid = {2AC187B1-6F00-4CFA-BA2F-6D902B729A2C}
	EndGlobalSection
EndGlobal
